{
  "version": "5",
  "specifiers": {
    "jsr:@supabase/functions-js@*": "2.4.5"
  },
  "jsr": {
    "@supabase/functions-js@2.4.5": {
      "integrity": "ead2df253fe0c3b0b682c5f25076978ab62c10afff4d04222451a90ba512c394"
    }
  },
  "workspace": {
    "packageJson": {
      "dependencies": [
        "npm:@duckdb/duckdb-wasm@^1.29.0",
        "npm:@eslint/js@^9.21.0",
        "npm:@ianvs/prettier-plugin-sort-imports@^4.4.1",
        "npm:@mantine/charts@^8.1.3",
        "npm:@mantine/core@^8.1.3",
        "npm:@mantine/dropzone@^8.1.3",
        "npm:@mantine/form@^8.1.3",
        "npm:@mantine/hooks@^8.1.3",
        "npm:@mantine/modals@^8.1.3",
        "npm:@mantine/notifications@^8.1.3",
        "npm:@mantine/spotlight@^8.1.3",
        "npm:@mantine/tiptap@^8.1.3",
        "npm:@nabla/vite-plugin-eslint@^2.0.5",
        "npm:@postgrestools/postgrestools@~0.3.1",
        "npm:@supabase/supabase-js@^2.49.2",
        "npm:@tabler/icons-react@^3.31.0",
        "npm:@tanstack/eslint-plugin-query@^5.68.0",
        "npm:@tanstack/eslint-plugin-router@^1.114.12",
        "npm:@tanstack/react-query-devtools@^5.81.5",
        "npm:@tanstack/react-query@^5.81.5",
        "npm:@tanstack/react-router-devtools@^1.114.27",
        "npm:@tanstack/react-router@^1.114.27",
        "npm:@tanstack/react-virtual@^3.13.8",
        "npm:@tanstack/router-plugin@^1.114.27",
        "npm:@testing-library/dom@^10.4.0",
        "npm:@testing-library/jest-dom@^6.6.3",
        "npm:@testing-library/react@^16.3.0",
        "npm:@tiptap/extension-highlight@^2.12.0",
        "npm:@tiptap/extension-link@^2.12.0",
        "npm:@tiptap/extension-placeholder@^2.12.0",
        "npm:@tiptap/extension-subscript@^2.12.0",
        "npm:@tiptap/extension-superscript@^2.12.0",
        "npm:@tiptap/extension-text-align@^2.12.0",
        "npm:@tiptap/extension-underline@^2.12.0",
        "npm:@tiptap/pm@^2.12.0",
        "npm:@tiptap/react@^2.12.0",
        "npm:@tiptap/starter-kit@^2.12.0",
        "npm:@types/gapi@^0.0.47",
        "npm:@types/papaparse@^5.3.15",
        "npm:@types/react-dom@^19.0.4",
        "npm:@types/react@^19.0.10",
        "npm:@vitejs/plugin-react@^4.3.4",
        "npm:ag-grid-react@^33.2.1",
        "npm:apache-arrow@^19.0.1",
        "npm:autoprefixer@^10.4.21",
        "npm:camelcase-keys@^9.1.3",
        "npm:commander@14",
        "npm:dayjs@^1.11.13",
        "npm:dexie@^4.0.11",
        "npm:eslint-config-prettier@^10.1.1",
        "npm:eslint-import-resolver-typescript@^4.2.2",
        "npm:eslint-plugin-import-x@^4.9.1",
        "npm:eslint-plugin-jsx-a11y@^6.10.2",
        "npm:eslint-plugin-react-hooks@^5.2.0",
        "npm:eslint-plugin-react-refresh@~0.4.19",
        "npm:eslint-plugin-react@^7.37.4",
        "npm:eslint-plugin-tailwindcss@^3.18.0",
        "npm:eslint-plugin-unused-imports@^4.1.4",
        "npm:eslint@^9.21.0",
        "npm:globals@^15.15.0",
        "npm:google-auth-library@^10.1.0",
        "npm:googleapis@154",
        "npm:jsdom@^26.1.0",
        "npm:knex@^3.1.0",
        "npm:nodemon@^3.1.10",
        "npm:openai@^4.52.5",
        "npm:papaparse@^5.5.2",
        "npm:postcss-preset-mantine@^1.17.0",
        "npm:postcss-simple-vars@^7.0.1",
        "npm:postcss@^8.5.3",
        "npm:prettier-plugin-sql@~0.19.2",
        "npm:prettier-plugin-tailwindcss@~0.6.11",
        "npm:prettier@^3.5.3",
        "npm:react-dom@19",
        "npm:react@19",
        "npm:recharts@2",
        "npm:snakecase-keys@^8.0.1",
        "npm:supabase@^2.19.7",
        "npm:tailwindcss@^3.4.14",
        "npm:ts-pattern@^5.7.0",
        "npm:type-fest@^4.39.1",
        "npm:typescript-eslint@^8.24.1",
        "npm:typescript@~5.8.3",
        "npm:uuid@^11.1.0",
        "npm:vite-node@^3.2.4",
        "npm:vite-plugin-node-polyfills@0.24",
        "npm:vite@^7.0.4",
        "npm:vitest@^3.2.4",
        "npm:zod@^4.0.5"
      ]
    }
  }
}
